
Microsoft Visual Studio Solution File, Format Version 12.00
# Visual Studio 15
VisualStudioVersion = 15.0.28010.2016
MinimumVisualStudioVersion = 10.0.40219.1
Project("{FAE04EC0-301F-11D3-BF4B-00C04F79EFBC}") = "MyTriangle", "MyTriangle.csproj", "{5FC83615-1D4E-4536-9D10-8F6FA7ADDECB}"
EndProject
Global
	GlobalSection(SolutionConfigurationPlatforms) = preSolution
		Debug|Any CPU = Debug|Any CPU
		Release|Any CPU = Release|Any CPU
	EndGlobalSection
	GlobalSection(ProjectConfigurationPlatforms) = postSolution
		{5FC83615-1D4E-4536-9D10-8F6FA7ADDECB}.Debug|Any CPU.ActiveCfg = Debug|Any CPU
		{5FC83615-1D4E-4536-9D10-8F6FA7ADDECB}.Debug|Any CPU.Build.0 = Debug|Any CPU
		{5FC83615-1D4E-4536-9D10-8F6FA7ADDECB}.Release|Any CPU.ActiveCfg = Release|Any CPU
		{5FC83615-1D4E-4536-9D10-8F6FA7ADDECB}.Release|Any CPU.Build.0 = Release|Any CPU
	EndGlobalSection
	GlobalSection(SolutionProperties) = preSolution
		HideSolutionNode = FALSE
	EndGlobalSection
	GlobalSection(ExtensibilityGlobals) = postSolution
		SolutionGuid = {1F034F77-8E4D-467B-AFA4-9B231302FCF3}
	EndGlobalSection
EndGlobal
